
Microsoft Visual Studio Solution File, Format Version 12.00
# Visual Studio Version 16
VisualStudioVersion = 16.0.31613.86
MinimumVisualStudioVersion = 10.0.40219.1
Project("{FAE04EC0-301F-11D3-BF4B-00C04F79EFBC}") = "MyFirstProject.Android", "MyFirstProject.Android\MyFirstProject.Android.csproj", "{21578047-1D06-441F-B910-1C9D9C86141A}"
EndProject
Project("{FAE04EC0-301F-11D3-BF4B-00C04F79EFBC}") = "MyFirstProject.iOS", "MyFirstProject.iOS\MyFirstProject.iOS.csproj", "{69DBE211-3ABC-4B2C-A1ED-0C3F5089AB1E}"
EndProject
Project("{FAE04EC0-301F-11D3-BF4B-00C04F79EFBC}") = "MyFirstProject", "MyFirstProject\MyFirstProject.csproj", "{17CDD047-B45F-44AB-9D83-F96C55C91626}"
EndProject
Global
	GlobalSection(SolutionConfigurationPlatforms) = preSolution
		Debug|Any CPU = Debug|Any CPU
		Debug|iPhone = Debug|iPhone
		Debug|iPhoneSimulator = Debug|iPhoneSimulator
		Release|Any CPU = Release|Any CPU
		Release|iPhone = Release|iPhone
		Release|iPhoneSimulator = Release|iPhoneSimulator
	EndGlobalSection
	GlobalSection(ProjectConfigurationPlatforms) = postSolution
		{21578047-1D06-441F-B910-1C9D9C86141A}.Debug|Any CPU.ActiveCfg = Debug|Any CPU
		{21578047-1D06-441F-B910-1C9D9C86141A}.Debug|Any CPU.Build.0 = Debug|Any CPU
		{21578047-1D06-441F-B910-1C9D9C86141A}.Debug|Any CPU.Deploy.0 = Debug|Any CPU
		{21578047-1D06-441F-B910-1C9D9C86141A}.Debug|iPhone.ActiveCfg = Debug|Any CPU
		{21578047-1D06-441F-B910-1C9D9C86141A}.Debug|iPhone.Build.0 = Debug|Any CPU
		{21578047-1D06-441F-B910-1C9D9C86141A}.Debug|iPhone.Deploy.0 = Debug|Any CPU
		{21578047-1D06-441F-B910-1C9D9C86141A}.Debug|iPhoneSimulator.ActiveCfg = Debug|Any CPU
		{21578047-1D06-441F-B910-1C9D9C86141A}.Debug|iPhoneSimulator.Build.0 = Debug|Any CPU
		{21578047-1D06-441F-B910-1C9D9C86141A}.Debug|iPhoneSimulator.Deploy.0 = Debug|Any CPU
		{21578047-1D06-441F-B910-1C9D9C86141A}.Release|Any CPU.ActiveCfg = Release|Any CPU
		{21578047-1D06-441F-B910-1C9D9C86141A}.Release|Any CPU.Build.0 = Release|Any CPU
		{21578047-1D06-441F-B910-1C9D9C86141A}.Release|Any CPU.Deploy.0 = Release|Any CPU
		{21578047-1D06-441F-B910-1C9D9C86141A}.Release|iPhone.ActiveCfg = Release|Any CPU
		{21578047-1D06-441F-B910-1C9D9C86141A}.Release|iPhone.Build.0 = Release|Any CPU
		{21578047-1D06-441F-B910-1C9D9C86141A}.Release|iPhone.Deploy.0 = Release|Any CPU
		{21578047-1D06-441F-B910-1C9D9C86141A}.Release|iPhoneSimulator.ActiveCfg = Release|Any CPU
		{21578047-1D06-441F-B910-1C9D9C86141A}.Release|iPhoneSimulator.Build.0 = Release|Any CPU
		{21578047-1D06-441F-B910-1C9D9C86141A}.Release|iPhoneSimulator.Deploy.0 = Release|Any CPU
		{69DBE211-3ABC-4B2C-A1ED-0C3F5089AB1E}.Debug|Any CPU.ActiveCfg = Debug|iPhone
		{69DBE211-3ABC-4B2C-A1ED-0C3F5089AB1E}.Debug|Any CPU.Build.0 = Debug|iPhone
		{69DBE211-3ABC-4B2C-A1ED-0C3F5089AB1E}.Debug|Any CPU.Deploy.0 = Debug|iPhone
		{69DBE211-3ABC-4B2C-A1ED-0C3F5089AB1E}.Debug|iPhone.ActiveCfg = Debug|iPhone
		{69DBE211-3ABC-4B2C-A1ED-0C3F5089AB1E}.Debug|iPhone.Build.0 = Debug|iPhone
		{69DBE211-3ABC-4B2C-A1ED-0C3F5089AB1E}.Debug|iPhone.Deploy.0 = Debug|iPhone
		{69DBE211-3ABC-4B2C-A1ED-0C3F5089AB1E}.Debug|iPhoneSimulator.ActiveCfg = Debug|iPhoneSimulator
		{69DBE211-3ABC-4B2C-A1ED-0C3F5089AB1E}.Debug|iPhoneSimulator.Build.0 = Debug|iPhoneSimulator
		{69DBE211-3ABC-4B2C-A1ED-0C3F5089AB1E}.Debug|iPhoneSimulator.Deploy.0 = Debug|iPhoneSimulator
		{69DBE211-3ABC-4B2C-A1ED-0C3F5089AB1E}.Release|Any CPU.ActiveCfg = Release|iPhoneSimulator
		{69DBE211-3ABC-4B2C-A1ED-0C3F5089AB1E}.Release|Any CPU.Build.0 = Release|iPhoneSimulator
		{69DBE211-3ABC-4B2C-A1ED-0C3F5089AB1E}.Release|Any CPU.Deploy.0 = Release|iPhoneSimulator
		{69DBE211-3ABC-4B2C-A1ED-0C3F5089AB1E}.Release|iPhone.ActiveCfg = Release|iPhone
		{69DBE211-3ABC-4B2C-A1ED-0C3F5089AB1E}.Release|iPhone.Build.0 = Release|iPhone
		{69DBE211-3ABC-4B2C-A1ED-0C3F5089AB1E}.Release|iPhone.Deploy.0 = Release|iPhone
		{69DBE211-3ABC-4B2C-A1ED-0C3F5089AB1E}.Release|iPhoneSimulator.ActiveCfg = Release|iPhoneSimulator
		{69DBE211-3ABC-4B2C-A1ED-0C3F5089AB1E}.Release|iPhoneSimulator.Build.0 = Release|iPhoneSimulator
		{69DBE211-3ABC-4B2C-A1ED-0C3F5089AB1E}.Release|iPhoneSimulator.Deploy.0 = Release|iPhoneSimulator
		{17CDD047-B45F-44AB-9D83-F96C55C91626}.Debug|Any CPU.ActiveCfg = Debug|Any CPU
		{17CDD047-B45F-44AB-9D83-F96C55C91626}.Debug|Any CPU.Build.0 = Debug|Any CPU
		{17CDD047-B45F-44AB-9D83-F96C55C91626}.Debug|Any CPU.Deploy.0 = Debug|Any CPU
		{17CDD047-B45F-44AB-9D83-F96C55C91626}.Debug|iPhone.ActiveCfg = Debug|Any CPU
		{17CDD047-B45F-44AB-9D83-F96C55C91626}.Debug|iPhone.Build.0 = Debug|Any CPU
		{17CDD047-B45F-44AB-9D83-F96C55C91626}.Debug|iPhone.Deploy.0 = Debug|Any CPU
		{17CDD047-B45F-44AB-9D83-F96C55C91626}.Debug|iPhoneSimulator.ActiveCfg = Debug|Any CPU
		{17CDD047-B45F-44AB-9D83-F96C55C91626}.Debug|iPhoneSimulator.Build.0 = Debug|Any CPU
		{17CDD047-B45F-44AB-9D83-F96C55C91626}.Debug|iPhoneSimulator.Deploy.0 = Debug|Any CPU
		{17CDD047-B45F-44AB-9D83-F96C55C91626}.Release|Any CPU.ActiveCfg = Release|Any CPU
		{17CDD047-B45F-44AB-9D83-F96C55C91626}.Release|Any CPU.Build.0 = Release|Any CPU
		{17CDD047-B45F-44AB-9D83-F96C55C91626}.Release|Any CPU.Deploy.0 = Release|Any CPU
		{17CDD047-B45F-44AB-9D83-F96C55C91626}.Release|iPhone.ActiveCfg = Release|Any CPU
		{17CDD047-B45F-44AB-9D83-F96C55C91626}.Release|iPhone.Build.0 = Release|Any CPU
		{17CDD047-B45F-44AB-9D83-F96C55C91626}.Release|iPhone.Deploy.0 = Release|Any CPU
		{17CDD047-B45F-44AB-9D83-F96C55C91626}.Release|iPhoneSimulator.ActiveCfg = Release|Any CPU
		{17CDD047-B45F-44AB-9D83-F96C55C91626}.Release|iPhoneSimulator.Build.0 = Release|Any CPU
		{17CDD047-B45F-44AB-9D83-F96C55C91626}.Release|iPhoneSimulator.Deploy.0 = Release|Any CPU
	EndGlobalSection
	GlobalSection(SolutionProperties) = preSolution
		HideSolutionNode = FALSE
	EndGlobalSection
	GlobalSection(ExtensibilityGlobals) = postSolution
		SolutionGuid = {20876C52-05EB-467B-B667-EC29DF741CE6}
	EndGlobalSection
EndGlobal
